
Microsoft Visual Studio Solution File, Format Version 12.00
# Visual Studio 15
VisualStudioVersion = 15.0.28307.852
MinimumVisualStudioVersion = 10.0.40219.1
Project("{8BC9CEB8-8B4A-11D0-8D11-00A0C91BC942}") = "duLinkedList", "duLinkedList.vcxproj", "{CA957C8D-FC9F-4652-A837-0262912DBCFE}"
EndProject
Global
	GlobalSection(SolutionConfigurationPlatforms) = preSolution
		Debug|x64 = Debug|x64
		Debug|x86 = Debug|x86
		Release|x64 = Release|x64
		Release|x86 = Release|x86
	EndGlobalSection
	GlobalSection(ProjectConfigurationPlatforms) = postSolution
		{CA957C8D-FC9F-4652-A837-0262912DBCFE}.Debug|x64.ActiveCfg = Debug|x64
		{CA957C8D-FC9F-4652-A837-0262912DBCFE}.Debug|x64.Build.0 = Debug|x64
		{CA957C8D-FC9F-4652-A837-0262912DBCFE}.Debug|x86.ActiveCfg = Debug|Win32
		{CA957C8D-FC9F-4652-A837-0262912DBCFE}.Debug|x86.Build.0 = Debug|Win32
		{CA957C8D-FC9F-4652-A837-0262912DBCFE}.Release|x64.ActiveCfg = Release|x64
		{CA957C8D-FC9F-4652-A837-0262912DBCFE}.Release|x64.Build.0 = Release|x64
		{CA957C8D-FC9F-4652-A837-0262912DBCFE}.Release|x86.ActiveCfg = Release|Win32
		{CA957C8D-FC9F-4652-A837-0262912DBCFE}.Release|x86.Build.0 = Release|Win32
	EndGlobalSection
	GlobalSection(SolutionProperties) = preSolution
		HideSolutionNode = FALSE
	EndGlobalSection
	GlobalSection(ExtensibilityGlobals) = postSolution
		SolutionGuid = {15F5A299-9E0E-42E5-85FB-D4CC4D7487F2}
	EndGlobalSection
EndGlobal
